{
  "name": "js-pbft",
  "version": "1.0.0",
  "lockfileVersion": 1,
  "requires": true,
  "dependencies": {
    "node-color-log": {
      "version": "2.1.2",
      "resolved": "https://registry.npmjs.org/node-color-log/-/node-color-log-2.1.2.tgz",
      "integrity": "sha512-fc/lbgn+nKwaihsKalzKMZ5VNRHfH9aeQC54d1HlckdsD3qM7QqkpGcatqJMQAtbyYq7aKKs/cmYOMhVYJL89g=="
    }
  }
}
